// !$*UTF8*$!
{
	archiveVersion = 1;
	classes = {
	};
	objectVersion = 56;
	objects = {

/* Begin PBXBuildFile section */
		FC4BF6F02B55A6E200F49476 /* MacMarkdownApp.swift in Sources */ = {isa = PBXBuildFile; fileRef = FC4BF6EF2B55A6E200F49476 /* MacMarkdownApp.swift */; };
		FC4BF6F22B55A6E200F49476 /* MacMarkdownDocument.swift in Sources */ = {isa = PBXBuildFile; fileRef = FC4BF6F12B55A6E200F49476 /* MacMarkdownDocument.swift */; };
		FC4BF6F42B55A6E200F49476 /* ContentView.swift in Sources */ = {isa = PBXBuildFile; fileRef = FC4BF6F32B55A6E200F49476 /* ContentView.swift */; };
		FC4BF6F62B55A6E300F49476 /* Assets.xcassets in Resources */ = {isa = PBXBuildFile; fileRef = FC4BF6F52B55A6E300F49476 /* Assets.xcassets */; };
		FC4BF6F92B55A6E300F49476 /* Preview Assets.xcassets in Resources */ = {isa = PBXBuildFile; fileRef = FC4BF6F82B55A6E300F49476 /* Preview Assets.xcassets */; };
		FC4BF7042B57857600F49476 /* MarkdownKit in Frameworks */ = {isa = PBXBuildFile; productRef = FC4BF7032B57857600F49476 /* MarkdownKit */; };
		FC4BF7062B57857600F49476 /* MarkdownKitProcess in Frameworks */ = {isa = PBXBuildFile; productRef = FC4BF7052B57857600F49476 /* MarkdownKitProcess */; };
		FC4BF7082B57863700F49476 /* WebView.swift in Sources */ = {isa = PBXBuildFile; fileRef = FC4BF7072B57863700F49476 /* WebView.swift */; };
		FC4BF70A2B578B1D00F49476 /* SettingsView.swift in Sources */ = {isa = PBXBuildFile; fileRef = FC4BF7092B578B1D00F49476 /* SettingsView.swift */; };
		FC4BF70C2B57978A00F49476 /* MenuCommands.swift in Sources */ = {isa = PBXBuildFile; fileRef = FC4BF70B2B57978A00F49476 /* MenuCommands.swift */; };
		FC4BF7152B579A4100F49476 /* ulysses.css in Resources */ = {isa = PBXBuildFile; fileRef = FC4BF7102B579A4100F49476 /* ulysses.css */; };
		FC4BF7162B579A4100F49476 /* github.css in Resources */ = {isa = PBXBuildFile; fileRef = FC4BF7112B579A4100F49476 /* github.css */; };
		FC4BF7172B579A4100F49476 /* lopash.css in Resources */ = {isa = PBXBuildFile; fileRef = FC4BF7122B579A4100F49476 /* lopash.css */; };
		FC4BF7182B579A4100F49476 /* solarizeddark.css in Resources */ = {isa = PBXBuildFile; fileRef = FC4BF7132B579A4100F49476 /* solarizeddark.css */; };
		FC4BF7192B579A4100F49476 /* StyleSheet.swift in Sources */ = {isa = PBXBuildFile; fileRef = FC4BF7142B579A4100F49476 /* StyleSheet.swift */; };
		FCE8F1B12B5822B000611E0C /* ToolbarCommands.swift in Sources */ = {isa = PBXBuildFile; fileRef = FCE8F1B02B5822B000611E0C /* ToolbarCommands.swift */; };
/* End PBXBuildFile section */

/* Begin PBXFileReference section */
		FC4BF6EC2B55A6E200F49476 /* mac-markdown.app */ = {isa = PBXFileReference; explicitFileType = wrapper.application; includeInIndex = 0; path = "mac-markdown.app"; sourceTree = BUILT_PRODUCTS_DIR; };
		FC4BF6EF2B55A6E200F49476 /* MacMarkdownApp.swift */ = {isa = PBXFileReference; lastKnownFileType = sourcecode.swift; path = MacMarkdownApp.swift; sourceTree = "<group>"; };
		FC4BF6F12B55A6E200F49476 /* MacMarkdownDocument.swift */ = {isa = PBXFileReference; lastKnownFileType = sourcecode.swift; path = MacMarkdownDocument.swift; sourceTree = "<group>"; };
		FC4BF6F32B55A6E200F49476 /* ContentView.swift */ = {isa = PBXFileReference; lastKnownFileType = sourcecode.swift; path = ContentView.swift; sourceTree = "<group>"; };
		FC4BF6F52B55A6E300F49476 /* Assets.xcassets */ = {isa = PBXFileReference; lastKnownFileType = folder.assetcatalog; path = Assets.xcassets; sourceTree = "<group>"; };
		FC4BF6F82B55A6E300F49476 /* Preview Assets.xcassets */ = {isa = PBXFileReference; lastKnownFileType = folder.assetcatalog; path = "Preview Assets.xcassets"; sourceTree = "<group>"; };
		FC4BF6FA2B55A6E300F49476 /* Info.plist */ = {isa = PBXFileReference; lastKnownFileType = text.plist.xml; path = Info.plist; sourceTree = "<group>"; };
		FC4BF6FB2B55A6E300F49476 /* mac_markdown.entitlements */ = {isa = PBXFileReference; lastKnownFileType = text.plist.entitlements; path = mac_markdown.entitlements; sourceTree = "<group>"; };
		FC4BF7072B57863700F49476 /* WebView.swift */ = {isa = PBXFileReference; lastKnownFileType = sourcecode.swift; path = WebView.swift; sourceTree = "<group>"; };
		FC4BF7092B578B1D00F49476 /* SettingsView.swift */ = {isa = PBXFileReference; lastKnownFileType = sourcecode.swift; path = SettingsView.swift; sourceTree = "<group>"; };
		FC4BF70B2B57978A00F49476 /* MenuCommands.swift */ = {isa = PBXFileReference; lastKnownFileType = sourcecode.swift; path = MenuCommands.swift; sourceTree = "<group>"; };
		FC4BF7102B579A4100F49476 /* ulysses.css */ = {isa = PBXFileReference; fileEncoding = 4; lastKnownFileType = text.css; path = ulysses.css; sourceTree = "<group>"; };
		FC4BF7112B579A4100F49476 /* github.css */ = {isa = PBXFileReference; fileEncoding = 4; lastKnownFileType = text.css; path = github.css; sourceTree = "<group>"; };
		FC4BF7122B579A4100F49476 /* lopash.css */ = {isa = PBXFileReference; fileEncoding = 4; lastKnownFileType = text.css; path = lopash.css; sourceTree = "<group>"; };
		FC4BF7132B579A4100F49476 /* solarizeddark.css */ = {isa = PBXFileReference; fileEncoding = 4; lastKnownFileType = text.css; path = solarizeddark.css; sourceTree = "<group>"; };
		FC4BF7142B579A4100F49476 /* StyleSheet.swift */ = {isa = PBXFileReference; fileEncoding = 4; lastKnownFileType = sourcecode.swift; path = StyleSheet.swift; sourceTree = "<group>"; };
		FCE8F1B02B5822B000611E0C /* ToolbarCommands.swift */ = {isa = PBXFileReference; lastKnownFileType = sourcecode.swift; path = ToolbarCommands.swift; sourceTree = "<group>"; };
/* End PBXFileReference section */

/* Begin PBXFrameworksBuildPhase section */
		FC4BF6E92B55A6E200F49476 /* Frameworks */ = {
			isa = PBXFrameworksBuildPhase;
			buildActionMask = 2147483647;
			files = (
				FC4BF7062B57857600F49476 /* MarkdownKitProcess in Frameworks */,
				FC4BF7042B57857600F49476 /* MarkdownKit in Frameworks */,
			);
			runOnlyForDeploymentPostprocessing = 0;
		};
/* End PBXFrameworksBuildPhase section */

/* Begin PBXGroup section */
		FC4BF6E32B55A6E200F49476 = {
			isa = PBXGroup;
			children = (
				FC4BF6EE2B55A6E200F49476 /* mac-markdown */,
				FC4BF6ED2B55A6E200F49476 /* Products */,
			);
			sourceTree = "<group>";
		};
		FC4BF6ED2B55A6E200F49476 /* Products */ = {
			isa = PBXGroup;
			children = (
				FC4BF6EC2B55A6E200F49476 /* mac-markdown.app */,
			);
			name = Products;
			sourceTree = "<group>";
		};
		FC4BF6EE2B55A6E200F49476 /* mac-markdown */ = {
			isa = PBXGroup;
			children = (
				FC4BF6EF2B55A6E200F49476 /* MacMarkdownApp.swift */,
				FC4BF6F32B55A6E200F49476 /* ContentView.swift */,
				FC4BF6F12B55A6E200F49476 /* MacMarkdownDocument.swift */,
				FC4BF7072B57863700F49476 /* WebView.swift */,
				FC4BF7092B578B1D00F49476 /* SettingsView.swift */,
				FC4BF70B2B57978A00F49476 /* MenuCommands.swift */,
				FCE8F1B02B5822B000611E0C /* ToolbarCommands.swift */,
				FC4BF7012B55A89600F49476 /* Resources */,
			);
			path = "mac-markdown";
			sourceTree = "<group>";
		};
		FC4BF6F72B55A6E300F49476 /* Preview Content */ = {
			isa = PBXGroup;
			children = (
				FC4BF6F82B55A6E300F49476 /* Preview Assets.xcassets */,
			);
			path = "Preview Content";
			sourceTree = "<group>";
		};
		FC4BF7012B55A89600F49476 /* Resources */ = {
			isa = PBXGroup;
			children = (
				FC4BF6F52B55A6E300F49476 /* Assets.xcassets */,
				FC4BF6FA2B55A6E300F49476 /* Info.plist */,
				FC4BF6FB2B55A6E300F49476 /* mac_markdown.entitlements */,
				FC4BF70F2B579A3100F49476 /* StyleSheets */,
				FC4BF6F72B55A6E300F49476 /* Preview Content */,
			);
			path = Resources;
			sourceTree = "<group>";
		};
		FC4BF70F2B579A3100F49476 /* StyleSheets */ = {
			isa = PBXGroup;
			children = (
				FC4BF7142B579A4100F49476 /* StyleSheet.swift */,
				FC4BF7112B579A4100F49476 /* github.css */,
				FC4BF7122B579A4100F49476 /* lopash.css */,
				FC4BF7132B579A4100F49476 /* solarizeddark.css */,
				FC4BF7102B579A4100F49476 /* ulysses.css */,
			);
			path = StyleSheets;
			sourceTree = "<group>";
		};
/* End PBXGroup section */

/* Begin PBXNativeTarget section */
		FC4BF6EB2B55A6E200F49476 /* mac-markdown */ = {
			isa = PBXNativeTarget;
			buildConfigurationList = FC4BF6FE2B55A6E300F49476 /* Build configuration list for PBXNativeTarget "mac-markdown" */;
			buildPhases = (
				FC4BF6E82B55A6E200F49476 /* Sources */,
				FC4BF6E92B55A6E200F49476 /* Frameworks */,
				FC4BF6EA2B55A6E200F49476 /* Resources */,
			);
			buildRules = (
			);
			dependencies = (
			);
			name = "mac-markdown";
			packageProductDependencies = (
				FC4BF7032B57857600F49476 /* MarkdownKit */,
				FC4BF7052B57857600F49476 /* MarkdownKitProcess */,
			);
			productName = "mac-markdown";
			productReference = FC4BF6EC2B55A6E200F49476 /* mac-markdown.app */;
			productType = "com.apple.product-type.application";
		};
/* End PBXNativeTarget section */

/* Begin PBXProject section */
		FC4BF6E42B55A6E200F49476 /* Project object */ = {
			isa = PBXProject;
			attributes = {
				BuildIndependentTargetsInParallel = 1;
				LastSwiftUpdateCheck = 1520;
				LastUpgradeCheck = 1520;
				TargetAttributes = {
					FC4BF6EB2B55A6E200F49476 = {
						CreatedOnToolsVersion = 15.2;
					};
				};
			};
			buildConfigurationList = FC4BF6E72B55A6E200F49476 /* Build configuration list for PBXProject "mac-markdown" */;
			compatibilityVersion = "Xcode 14.0";
			developmentRegion = en;
			hasScannedForEncodings = 0;
			knownRegions = (
				en,
				Base,
			);
			mainGroup = FC4BF6E32B55A6E200F49476;
			packageReferences = (
				FC4BF7022B57857600F49476 /* XCRemoteSwiftPackageReference "swift-markdownkit" */,
			);
			productRefGroup = FC4BF6ED2B55A6E200F49476 /* Products */;
			projectDirPath = "";
			projectRoot = "";
			targets = (
				FC4BF6EB2B55A6E200F49476 /* mac-markdown */,
			);
		};
/* End PBXProject section */

/* Begin PBXResourcesBuildPhase section */
		FC4BF6EA2B55A6E200F49476 /* Resources */ = {
			isa = PBXResourcesBuildPhase;
			buildActionMask = 2147483647;
			files = (
				FC4BF7162B579A4100F49476 /* github.css in Resources */,
				FC4BF6F92B55A6E300F49476 /* Preview Assets.xcassets in Resources */,
				FC4BF7172B579A4100F49476 /* lopash.css in Resources */,
				FC4BF7182B579A4100F49476 /* solarizeddark.css in Resources */,
				FC4BF7152B579A4100F49476 /* ulysses.css in Resources */,
				FC4BF6F62B55A6E300F49476 /* Assets.xcassets in Resources */,
			);
			runOnlyForDeploymentPostprocessing = 0;
		};
/* End PBXResourcesBuildPhase section */

/* Begin PBXSourcesBuildPhase section */
		FC4BF6E82B55A6E200F49476 /* Sources */ = {
			isa = PBXSourcesBuildPhase;
			buildActionMask = 2147483647;
			files = (
				FC4BF70A2B578B1D00F49476 /* SettingsView.swift in Sources */,
				FC4BF6F02B55A6E200F49476 /* MacMarkdownApp.swift in Sources */,
				FC4BF70C2B57978A00F49476 /* MenuCommands.swift in Sources */,
				FC4BF7082B57863700F49476 /* WebView.swift in Sources */,
				FC4BF6F22B55A6E200F49476 /* MacMarkdownDocument.swift in Sources */,
				FCE8F1B12B5822B000611E0C /* ToolbarCommands.swift in Sources */,
				FC4BF6F42B55A6E200F49476 /* ContentView.swift in Sources */,
				FC4BF7192B579A4100F49476 /* StyleSheet.swift in Sources */,
			);
			runOnlyForDeploymentPostprocessing = 0;
		};
/* End PBXSourcesBuildPhase section */

/* Begin XCBuildConfiguration section */
		FC4BF6FC2B55A6E300F49476 /* Debug */ = {
			isa = XCBuildConfiguration;
			buildSettings = {
				ALWAYS_SEARCH_USER_PATHS = NO;
				ASSETCATALOG_COMPILER_GENERATE_SWIFT_ASSET_SYMBOL_EXTENSIONS = YES;
				CLANG_ANALYZER_NONNULL = YES;
				CLANG_ANALYZER_NUMBER_OBJECT_CONVERSION = YES_AGGRESSIVE;
				CLANG_CXX_LANGUAGE_STANDARD = "gnu++20";
				CLANG_ENABLE_MODULES = YES;
				CLANG_ENABLE_OBJC_ARC = YES;
				CLANG_ENABLE_OBJC_WEAK = YES;
				CLANG_WARN_BLOCK_CAPTURE_AUTORELEASING = YES;
				CLANG_WARN_BOOL_CONVERSION = YES;
				CLANG_WARN_COMMA = YES;
				CLANG_WARN_CONSTANT_CONVERSION = YES;
				CLANG_WARN_DEPRECATED_OBJC_IMPLEMENTATIONS = YES;
				CLANG_WARN_DIRECT_OBJC_ISA_USAGE = YES_ERROR;
				CLANG_WARN_DOCUMENTATION_COMMENTS = YES;
				CLANG_WARN_EMPTY_BODY = YES;
				CLANG_WARN_ENUM_CONVERSION = YES;
				CLANG_WARN_INFINITE_RECURSION = YES;
				CLANG_WARN_INT_CONVERSION = YES;
				CLANG_WARN_NON_LITERAL_NULL_CONVERSION = YES;
				CLANG_WARN_OBJC_IMPLICIT_RETAIN_SELF = YES;
				CLANG_WARN_OBJC_LITERAL_CONVERSION = YES;
				CLANG_WARN_OBJC_ROOT_CLASS = YES_ERROR;
				CLANG_WARN_QUOTED_INCLUDE_IN_FRAMEWORK_HEADER = YES;
				CLANG_WARN_RANGE_LOOP_ANALYSIS = YES;
				CLANG_WARN_STRICT_PROTOTYPES = YES;
				CLANG_WARN_SUSPICIOUS_MOVE = YES;
				CLANG_WARN_UNGUARDED_AVAILABILITY = YES_AGGRESSIVE;
				CLANG_WARN_UNREACHABLE_CODE = YES;
				CLANG_WARN__DUPLICATE_METHOD_MATCH = YES;
				COPY_PHASE_STRIP = NO;
				DEBUG_INFORMATION_FORMAT = dwarf;
				ENABLE_STRICT_OBJC_MSGSEND = YES;
				ENABLE_TESTABILITY = YES;
				ENABLE_USER_SCRIPT_SANDBOXING = YES;
				GCC_C_LANGUAGE_STANDARD = gnu17;
				GCC_DYNAMIC_NO_PIC = NO;
				GCC_NO_COMMON_BLOCKS = YES;
				GCC_OPTIMIZATION_LEVEL = 0;
				GCC_PREPROCESSOR_DEFINITIONS = (
					"DEBUG=1",
					"$(inherited)",
				);
				GCC_WARN_64_TO_32_BIT_CONVERSION = YES;
				GCC_WARN_ABOUT_RETURN_TYPE = YES_ERROR;
				GCC_WARN_UNDECLARED_SELECTOR = YES;
				GCC_WARN_UNINITIALIZED_AUTOS = YES_AGGRESSIVE;
				GCC_WARN_UNUSED_FUNCTION = YES;
				GCC_WARN_UNUSED_VARIABLE = YES;
				LOCALIZATION_PREFERS_STRING_CATALOGS = YES;
				MACOSX_DEPLOYMENT_TARGET = 14.2;
				MTL_ENABLE_DEBUG_INFO = INCLUDE_SOURCE;
				MTL_FAST_MATH = YES;
				ONLY_ACTIVE_ARCH = YES;
				SDKROOT = macosx;
				SWIFT_ACTIVE_COMPILATION_CONDITIONS = "DEBUG $(inherited)";
				SWIFT_OPTIMIZATION_LEVEL = "-Onone";
			};
			name = Debug;
		};
		FC4BF6FD2B55A6E300F49476 /* Release */ = {
			isa = XCBuildConfiguration;
			buildSettings = {
				ALWAYS_SEARCH_USER_PATHS = NO;
				ASSETCATALOG_COMPILER_GENERATE_SWIFT_ASSET_SYMBOL_EXTENSIONS = YES;
				CLANG_ANALYZER_NONNULL = YES;
				CLANG_ANALYZER_NUMBER_OBJECT_CONVERSION = YES_AGGRESSIVE;
				CLANG_CXX_LANGUAGE_STANDARD = "gnu++20";
				CLANG_ENABLE_MODULES = YES;
				CLANG_ENABLE_OBJC_ARC = YES;
				CLANG_ENABLE_OBJC_WEAK = YES;
				CLANG_WARN_BLOCK_CAPTURE_AUTORELEASING = YES;
				CLANG_WARN_BOOL_CONVERSION = YES;
				CLANG_WARN_COMMA = YES;
				CLANG_WARN_CONSTANT_CONVERSION = YES;
				CLANG_WARN_DEPRECATED_OBJC_IMPLEMENTATIONS = YES;
				CLANG_WARN_DIRECT_OBJC_ISA_USAGE = YES_ERROR;
				CLANG_WARN_DOCUMENTATION_COMMENTS = YES;
				CLANG_WARN_EMPTY_BODY = YES;
				CLANG_WARN_ENUM_CONVERSION = YES;
				CLANG_WARN_INFINITE_RECURSION = YES;
				CLANG_WARN_INT_CONVERSION = YES;
				CLANG_WARN_NON_LITERAL_NULL_CONVERSION = YES;
				CLANG_WARN_OBJC_IMPLICIT_RETAIN_SELF = YES;
				CLANG_WARN_OBJC_LITERAL_CONVERSION = YES;
				CLANG_WARN_OBJC_ROOT_CLASS = YES_ERROR;
				CLANG_WARN_QUOTED_INCLUDE_IN_FRAMEWORK_HEADER = YES;
				CLANG_WARN_RANGE_LOOP_ANALYSIS = YES;
				CLANG_WARN_STRICT_PROTOTYPES = YES;
				CLANG_WARN_SUSPICIOUS_MOVE = YES;
				CLANG_WARN_UNGUARDED_AVAILABILITY = YES_AGGRESSIVE;
				CLANG_WARN_UNREACHABLE_CODE = YES;
				CLANG_WARN__DUPLICATE_METHOD_MATCH = YES;
				COPY_PHASE_STRIP = NO;
				DEBUG_INFORMATION_FORMAT = "dwarf-with-dsym";
				ENABLE_NS_ASSERTIONS = NO;
				ENABLE_STRICT_OBJC_MSGSEND = YES;
				ENABLE_USER_SCRIPT_SANDBOXING = YES;
				GCC_C_LANGUAGE_STANDARD = gnu17;
				GCC_NO_COMMON_BLOCKS = YES;
				GCC_WARN_64_TO_32_BIT_CONVERSION = YES;
				GCC_WARN_ABOUT_RETURN_TYPE = YES_ERROR;
				GCC_WARN_UNDECLARED_SELECTOR = YES;
				GCC_WARN_UNINITIALIZED_AUTOS = YES_AGGRESSIVE;
				GCC_WARN_UNUSED_FUNCTION = YES;
				GCC_WARN_UNUSED_VARIABLE = YES;
				LOCALIZATION_PREFERS_STRING_CATALOGS = YES;
				MACOSX_DEPLOYMENT_TARGET = 14.2;
				MTL_ENABLE_DEBUG_INFO = NO;
				MTL_FAST_MATH = YES;
				SDKROOT = macosx;
				SWIFT_COMPILATION_MODE = wholemodule;
			};
			name = Release;
		};
		FC4BF6FF2B55A6E300F49476 /* Debug */ = {
			isa = XCBuildConfiguration;
			buildSettings = {
				ASSETCATALOG_COMPILER_APPICON_NAME = AppIcon;
				ASSETCATALOG_COMPILER_GLOBAL_ACCENT_COLOR_NAME = AccentColor;
				CODE_SIGN_ENTITLEMENTS = "mac-markdown/Resources/mac_markdown.entitlements";
				CODE_SIGN_STYLE = Automatic;
				COMBINE_HIDPI_IMAGES = YES;
				CURRENT_PROJECT_VERSION = 1;
				DEVELOPMENT_ASSET_PATHS = "\"mac-markdown/Resources/Preview Content\"";
				DEVELOPMENT_TEAM = 4CQPKLYWJD;
				ENABLE_HARDENED_RUNTIME = YES;
				ENABLE_PREVIEWS = YES;
				GENERATE_INFOPLIST_FILE = YES;
				INFOPLIST_FILE = "mac-markdown/Resources/Info.plist";
				INFOPLIST_KEY_CFBundleDisplayName = "Mac Markdown";
				INFOPLIST_KEY_LSApplicationCategoryType = "public.app-category.utilities";
				INFOPLIST_KEY_NSHumanReadableCopyright = "";
				LD_RUNPATH_SEARCH_PATHS = (
					"$(inherited)",
					"@executable_path/../Frameworks",
				);
				MARKETING_VERSION = 1.0;
				PRODUCT_BUNDLE_IDENTIFIER = "com.maximedelporte.mac-markdown";
				PRODUCT_NAME = "$(TARGET_NAME)";
				SWIFT_EMIT_LOC_STRINGS = YES;
				SWIFT_VERSION = 5.0;
			};
			name = Debug;
		};
		FC4BF7002B55A6E300F49476 /* Release */ = {
			isa = XCBuildConfiguration;
			buildSettings = {
				ASSETCATALOG_COMPILER_APPICON_NAME = AppIcon;
				ASSETCATALOG_COMPILER_GLOBAL_ACCENT_COLOR_NAME = AccentColor;
				CODE_SIGN_ENTITLEMENTS = "mac-markdown/Resources/mac_markdown.entitlements";
				CODE_SIGN_STYLE = Automatic;
				COMBINE_HIDPI_IMAGES = YES;
				CURRENT_PROJECT_VERSION = 1;
				DEVELOPMENT_ASSET_PATHS = "\"mac-markdown/Resources/Preview Content\"";
				DEVELOPMENT_TEAM = 4CQPKLYWJD;
				ENABLE_HARDENED_RUNTIME = YES;
				ENABLE_PREVIEWS = YES;
				GENERATE_INFOPLIST_FILE = YES;
				INFOPLIST_FILE = "mac-markdown/Resources/Info.plist";
				INFOPLIST_KEY_CFBundleDisplayName = "Mac Markdown";
				INFOPLIST_KEY_LSApplicationCategoryType = "public.app-category.utilities";
				INFOPLIST_KEY_NSHumanReadableCopyright = "";
				LD_RUNPATH_SEARCH_PATHS = (
					"$(inherited)",
					"@executable_path/../Frameworks",
				);
				MARKETING_VERSION = 1.0;
				PRODUCT_BUNDLE_IDENTIFIER = "com.maximedelporte.mac-markdown";
				PRODUCT_NAME = "$(TARGET_NAME)";
				SWIFT_EMIT_LOC_STRINGS = YES;
				SWIFT_VERSION = 5.0;
			};
			name = Release;
		};
/* End XCBuildConfiguration section */

/* Begin XCConfigurationList section */
		FC4BF6E72B55A6E200F49476 /* Build configuration list for PBXProject "mac-markdown" */ = {
			isa = XCConfigurationList;
			buildConfigurations = (
				FC4BF6FC2B55A6E300F49476 /* Debug */,
				FC4BF6FD2B55A6E300F49476 /* Release */,
			);
			defaultConfigurationIsVisible = 0;
			defaultConfigurationName = Release;
		};
		FC4BF6FE2B55A6E300F49476 /* Build configuration list for PBXNativeTarget "mac-markdown" */ = {
			isa = XCConfigurationList;
			buildConfigurations = (
				FC4BF6FF2B55A6E300F49476 /* Debug */,
				FC4BF7002B55A6E300F49476 /* Release */,
			);
			defaultConfigurationIsVisible = 0;
			defaultConfigurationName = Release;
		};
/* End XCConfigurationList section */

/* Begin XCRemoteSwiftPackageReference section */
		FC4BF7022B57857600F49476 /* XCRemoteSwiftPackageReference "swift-markdownkit" */ = {
			isa = XCRemoteSwiftPackageReference;
			repositoryURL = "https://github.com/objecthub/swift-markdownkit";
			requirement = {
				kind = upToNextMajorVersion;
				minimumVersion = 1.1.7;
			};
		};
/* End XCRemoteSwiftPackageReference section */

/* Begin XCSwiftPackageProductDependency section */
		FC4BF7032B57857600F49476 /* MarkdownKit */ = {
			isa = XCSwiftPackageProductDependency;
			package = FC4BF7022B57857600F49476 /* XCRemoteSwiftPackageReference "swift-markdownkit" */;
			productName = MarkdownKit;
		};
		FC4BF7052B57857600F49476 /* MarkdownKitProcess */ = {
			isa = XCSwiftPackageProductDependency;
			package = FC4BF7022B57857600F49476 /* XCRemoteSwiftPackageReference "swift-markdownkit" */;
			productName = MarkdownKitProcess;
		};
/* End XCSwiftPackageProductDependency section */
	};
	rootObject = FC4BF6E42B55A6E200F49476 /* Project object */;
}
